version: 4
environments:
  default:
    channels:
    - url: https://conda.anaconda.org/conda-forge/
    packages:
      win-64:
      - conda: https://conda.anaconda.org/conda-forge/win-64/bzip2-1.0.8-hcfcfb64_5.conda
      - conda: https://conda.anaconda.org/conda-forge/win-64/ca-certificates-2024.2.2-h56e8100_0.conda
      - conda: https://conda.anaconda.org/conda-forge/win-64/libexpat-2.6.2-h63175ca_0.conda
      - conda: https://conda.anaconda.org/conda-forge/win-64/libffi-3.4.2-h8ffe710_5.tar.bz2
      - conda: https://conda.anaconda.org/conda-forge/win-64/libsqlite-3.45.3-hcfcfb64_0.conda
      - conda: https://conda.anaconda.org/conda-forge/win-64/libzlib-1.2.13-hcfcfb64_5.conda
      - conda: https://conda.anaconda.org/conda-forge/win-64/openssl-3.3.0-hcfcfb64_0.conda
      - conda: https://conda.anaconda.org/conda-forge/win-64/python-3.12.3-h2628c8c_0_cpython.conda
      - conda: https://conda.anaconda.org/conda-forge/win-64/tk-8.6.13-h5226925_1.conda
      - conda: https://conda.anaconda.org/conda-forge/noarch/tzdata-2024a-h0c530f3_0.conda
      - conda: https://conda.anaconda.org/conda-forge/win-64/ucrt-10.0.22621.0-h57928b3_0.tar.bz2
      - conda: https://conda.anaconda.org/conda-forge/win-64/vc-14.3-hcf57466_18.conda
      - conda: https://conda.anaconda.org/conda-forge/win-64/vc14_runtime-14.38.33130-h82b7239_18.conda
      - conda: https://conda.anaconda.org/conda-forge/win-64/vs2015_runtime-14.38.33130-hcb4865c_18.conda
      - conda: https://conda.anaconda.org/conda-forge/win-64/xz-5.2.6-h8d14728_0.tar.bz2
      - pypi: https://files.pythonhosted.org/packages/53/5b/73803e5bf877e07739deaeecb2e356f4cc9ae3b766558959a898f7a993e0/bcrypt-4.1.2-cp39-abi3-win_amd64.whl
      - pypi: https://files.pythonhosted.org/packages/e9/63/e285470a4880a4f36edabe4810057bd4b562c6ddcc165eacf9c3c7210b40/cffi-1.16.0-cp312-cp312-win_amd64.whl
      - pypi: https://files.pythonhosted.org/packages/e3/14/13acd84f2a8303d9410ba2e24534a9d90c2817583636a91c4f314224768d/cryptography-42.0.5-cp39-abi3-win_amd64.whl
      - pypi: https://files.pythonhosted.org/packages/ba/e5/16e51472617cdcc90a4b9019543087f584a73b76d501d4b165abb7893fe9/paramiko-2.8.1-py2.py3-none-any.whl
      - pypi: https://files.pythonhosted.org/packages/13/a3/a812df4e2dd5696d1f351d58b8fe16a405b234ad2886a0dab9183fb78109/pycparser-2.22-py3-none-any.whl
      - pypi: https://files.pythonhosted.org/packages/5e/22/d3db169895faaf3e2eda892f005f433a62db2decbcfbc2f61e6517adfa87/PyNaCl-1.5.0-cp36-abi3-win_amd64.whl
      - pypi: https://files.pythonhosted.org/packages/2b/9f/fbade56564ad486809c27b322d0f7e6a89c01f6b4fe208402e90d4443a99/PyYAML-6.0.1-cp312-cp312-win_amd64.whl
      - pypi: https://files.pythonhosted.org/packages/94/db/fd0326e331726f07ff7f40675cd86aa804bfd2e5016c727fa761c934990e/xmltodict-0.13.0-py2.py3-none-any.whl
packages:
- kind: pypi
  name: bcrypt
  version: 4.1.2
  url: https://files.pythonhosted.org/packages/53/5b/73803e5bf877e07739deaeecb2e356f4cc9ae3b766558959a898f7a993e0/bcrypt-4.1.2-cp39-abi3-win_amd64.whl
  sha256: be3ab1071662f6065899fe08428e45c16aa36e28bc42921c4901a191fda6ee42
  requires_dist:
  - pytest!=3.3.0,>=3.2.1 ; extra == 'tests'
  - mypy ; extra == 'typecheck'
  requires_python: '>=3.7'
- kind: conda
  name: bzip2
  version: 1.0.8
  build: hcfcfb64_5
  build_number: 5
  subdir: win-64
  url: https://conda.anaconda.org/conda-forge/win-64/bzip2-1.0.8-hcfcfb64_5.conda
  sha256: ae5f47a5c86fd6db822931255dcf017eb12f60c77f07dc782ccb477f7808aab2
  md5: 26eb8ca6ea332b675e11704cce84a3be
  depends:
  - ucrt >=10.0.20348.0
  - vc >=14.2,<15
  - vc14_runtime >=14.29.30139
  license: bzip2-1.0.6
  license_family: BSD
  size: 124580
  timestamp: 1699280668742
- kind: conda
  name: ca-certificates
  version: 2024.2.2
  build: h56e8100_0
  subdir: win-64
  url: https://conda.anaconda.org/conda-forge/win-64/ca-certificates-2024.2.2-h56e8100_0.conda
  sha256: 4d587088ecccd393fec3420b64f1af4ee1a0e6897a45cfd5ef38055322cea5d0
  md5: 63da060240ab8087b60d1357051ea7d6
  license: ISC
  size: 155886
  timestamp: 1706843918052
- kind: pypi
  name: cffi
  version: 1.16.0
  url: https://files.pythonhosted.org/packages/e9/63/e285470a4880a4f36edabe4810057bd4b562c6ddcc165eacf9c3c7210b40/cffi-1.16.0-cp312-cp312-win_amd64.whl
  sha256: 68678abf380b42ce21a5f2abde8efee05c114c2fdb2e9eef2efdb0257fba1235
  requires_dist:
  - pycparser
  requires_python: '>=3.8'
- kind: pypi
  name: cryptography
  version: 42.0.5
  url: https://files.pythonhosted.org/packages/e3/14/13acd84f2a8303d9410ba2e24534a9d90c2817583636a91c4f314224768d/cryptography-42.0.5-cp39-abi3-win_amd64.whl
  sha256: a011a644f6d7d03736214d38832e030d8268bcff4a41f728e6030325fea3e400
  requires_dist:
  - cffi>=1.12 ; platform_python_implementation != 'PyPy'
  - sphinx>=5.3.0 ; extra == 'docs'
  - sphinx-rtd-theme>=1.1.1 ; extra == 'docs'
  - pyenchant>=1.6.11 ; extra == 'docstest'
  - readme-renderer ; extra == 'docstest'
  - sphinxcontrib-spelling>=4.0.1 ; extra == 'docstest'
  - nox ; extra == 'nox'
  - ruff ; extra == 'pep8test'
  - mypy ; extra == 'pep8test'
  - check-sdist ; extra == 'pep8test'
  - click ; extra == 'pep8test'
  - build ; extra == 'sdist'
  - bcrypt>=3.1.5 ; extra == 'ssh'
  - pytest>=6.2.0 ; extra == 'test'
  - pytest-benchmark ; extra == 'test'
  - pytest-cov ; extra == 'test'
  - pytest-xdist ; extra == 'test'
  - pretend ; extra == 'test'
  - certifi ; extra == 'test'
  - pytest-randomly ; extra == 'test-randomorder'
  requires_python: '>=3.7'
- kind: conda
  name: libexpat
  version: 2.6.2
  build: h63175ca_0
  subdir: win-64
  url: https://conda.anaconda.org/conda-forge/win-64/libexpat-2.6.2-h63175ca_0.conda
  sha256: 79f612f75108f3e16bbdc127d4885bb74729cf66a8702fca0373dad89d40c4b7
  md5: bc592d03f62779511d392c175dcece64
  constrains:
  - expat 2.6.2.*
  license: MIT
  license_family: MIT
  size: 139224
  timestamp: 1710362609641
- kind: conda
  name: libffi
  version: 3.4.2
  build: h8ffe710_5
  build_number: 5
  subdir: win-64
  url: https://conda.anaconda.org/conda-forge/win-64/libffi-3.4.2-h8ffe710_5.tar.bz2
  sha256: 1951ab740f80660e9bc07d2ed3aefb874d78c107264fd810f24a1a6211d4b1a5
  md5: 2c96d1b6915b408893f9472569dee135
  depends:
  - vc >=14.1,<15.0a0
  - vs2015_runtime >=14.16.27012
  license: MIT
  license_family: MIT
  size: 42063
  timestamp: 1636489106777
- kind: conda
  name: libsqlite
  version: 3.45.3
  build: hcfcfb64_0
  subdir: win-64
  url: https://conda.anaconda.org/conda-forge/win-64/libsqlite-3.45.3-hcfcfb64_0.conda
  sha256: 06ec75faa51d7ec6d5db98889e869b579a9df19d7d3d9baff8359627da4a3b7e
  md5: 73f5dc8e2d55d9a1e14b11f49c3b4a28
  depends:
  - ucrt >=10.0.20348.0
  - vc >=14.2,<15
  - vc14_runtime >=14.29.30139
  license: Unlicense
  size: 870518
  timestamp: 1713367888406
- kind: conda
  name: libzlib
  version: 1.2.13
  build: hcfcfb64_5
  build_number: 5
  subdir: win-64
  url: https://conda.anaconda.org/conda-forge/win-64/libzlib-1.2.13-hcfcfb64_5.conda
  sha256: c161822ee8130b71e08b6d282b9919c1de2c5274b29921a867bca0f7d30cad26
  md5: 5fdb9c6a113b6b6cb5e517fd972d5f41
  depends:
  - ucrt >=10.0.20348.0
  - vc >=14.2,<15
  - vc14_runtime >=14.29.30139
  constrains:
  - zlib 1.2.13 *_5
  license: Zlib
  license_family: Other
  size: 55800
  timestamp: 1686575452215
- kind: conda
  name: openssl
  version: 3.3.0
  build: hcfcfb64_0
  subdir: win-64
  url: https://conda.anaconda.org/conda-forge/win-64/openssl-3.3.0-hcfcfb64_0.conda
  sha256: ca7573b7503711b53b2464fa35e4efa6f89dcd3d436fb5f128722b853e356dfd
  md5: a6c544c9f060740c625dbf6d92cf3495
  depends:
  - ca-certificates
  - ucrt >=10.0.20348.0
  - vc >=14.2,<15
  - vc14_runtime >=14.29.30139
  constrains:
  - pyopenssl >=22.1
  license: Apache-2.0
  license_family: Apache
  size: 8358240
  timestamp: 1714468180752
- kind: pypi
  name: paramiko
  version: 2.8.1
  url: https://files.pythonhosted.org/packages/ba/e5/16e51472617cdcc90a4b9019543087f584a73b76d501d4b165abb7893fe9/paramiko-2.8.1-py2.py3-none-any.whl
  sha256: 7b5910f5815a00405af55da7abcc8a9e0d9657f57fcdd9a89894fdbba1c6b8a8
  requires_dist:
  - bcrypt>=3.1.3
  - cryptography>=2.5
  - pynacl>=1.0.1
  - pyasn1>=0.1.7 ; extra == 'all'
  - pynacl>=1.0.1 ; extra == 'all'
  - bcrypt>=3.1.3 ; extra == 'all'
  - invoke>=1.3 ; extra == 'all'
  - gssapi>=1.4.1 ; platform_system != 'Windows' and extra == 'all'
  - pywin32>=2.1.8 ; platform_system == 'Windows' and extra == 'all'
  - pynacl>=1.0.1 ; extra == 'ed25519'
  - bcrypt>=3.1.3 ; extra == 'ed25519'
  - pyasn1>=0.1.7 ; extra == 'gssapi'
  - gssapi>=1.4.1 ; platform_system != 'Windows' and extra == 'gssapi'
  - pywin32>=2.1.8 ; platform_system == 'Windows' and extra == 'gssapi'
  - invoke>=1.3 ; extra == 'invoke'
- kind: pypi
  name: pycparser
  version: '2.22'
  url: https://files.pythonhosted.org/packages/13/a3/a812df4e2dd5696d1f351d58b8fe16a405b234ad2886a0dab9183fb78109/pycparser-2.22-py3-none-any.whl
  sha256: c3702b6d3dd8c7abc1afa565d7e63d53a1d0bd86cdc24edd75470f4de499cfcc
  requires_python: '>=3.8'
- kind: pypi
  name: pynacl
  version: 1.5.0
  url: https://files.pythonhosted.org/packages/5e/22/d3db169895faaf3e2eda892f005f433a62db2decbcfbc2f61e6517adfa87/PyNaCl-1.5.0-cp36-abi3-win_amd64.whl
  sha256: 20f42270d27e1b6a29f54032090b972d97f0a1b0948cc52392041ef7831fee93
  requires_dist:
  - cffi>=1.4.1
  - sphinx>=1.6.5 ; extra == 'docs'
  - sphinx-rtd-theme ; extra == 'docs'
  - pytest!=3.3.0,>=3.2.1 ; extra == 'tests'
  - hypothesis>=3.27.0 ; extra == 'tests'
  requires_python: '>=3.6'
- kind: conda
  name: python
  version: 3.12.3
  build: h2628c8c_0_cpython
  subdir: win-64
  url: https://conda.anaconda.org/conda-forge/win-64/python-3.12.3-h2628c8c_0_cpython.conda
  sha256: 1a95494abe572a8819c933f978df89f00bde72ea9432d46a70632599e8029ea4
  md5: f07c8c5dd98767f9a652de5d039b284e
  depends:
  - bzip2 >=1.0.8,<2.0a0
  - libexpat >=2.6.2,<3.0a0
  - libffi >=3.4,<4.0a0
  - libsqlite >=3.45.2,<4.0a0
  - libzlib >=1.2.13,<1.3.0a0
  - openssl >=3.2.1,<4.0a0
  - tk >=8.6.13,<8.7.0a0
  - tzdata
  - ucrt >=10.0.20348.0
  - vc >=14.2,<15
  - vc14_runtime >=14.29.30139
  - xz >=5.2.6,<6.0a0
  constrains:
  - python_abi 3.12.* *_cp312
  license: Python-2.0
  size: 16179248
  timestamp: 1713205644673
- kind: pypi
  name: pyyaml
  version: 6.0.1
  url: https://files.pythonhosted.org/packages/2b/9f/fbade56564ad486809c27b322d0f7e6a89c01f6b4fe208402e90d4443a99/PyYAML-6.0.1-cp312-cp312-win_amd64.whl
  sha256: 0d3304d8c0adc42be59c5f8a4d9e3d7379e6955ad754aa9d6ab7a398b59dd1df
  requires_python: '>=3.6'
- kind: conda
  name: tk
  version: 8.6.13
  build: h5226925_1
  build_number: 1
  subdir: win-64
  url: https://conda.anaconda.org/conda-forge/win-64/tk-8.6.13-h5226925_1.conda
  sha256: 2c4e914f521ccb2718946645108c9bd3fc3216ba69aea20c2c3cedbd8db32bb1
  md5: fc048363eb8f03cd1737600a5d08aafe
  depends:
  - ucrt >=10.0.20348.0
  - vc >=14.2,<15
  - vc14_runtime >=14.29.30139
  license: TCL
  license_family: BSD
  size: 3503410
  timestamp: 1699202577803
- kind: conda
  name: tzdata
  version: 2024a
  build: h0c530f3_0
  subdir: noarch
  noarch: generic
  url: https://conda.anaconda.org/conda-forge/noarch/tzdata-2024a-h0c530f3_0.conda
  sha256: 7b2b69c54ec62a243eb6fba2391b5e443421608c3ae5dbff938ad33ca8db5122
  md5: 161081fc7cec0bfda0d86d7cb595f8d8
  license: LicenseRef-Public-Domain
  size: 119815
  timestamp: 1706886945727
- kind: conda
  name: ucrt
  version: 10.0.22621.0
  build: h57928b3_0
  subdir: win-64
  url: https://conda.anaconda.org/conda-forge/win-64/ucrt-10.0.22621.0-h57928b3_0.tar.bz2
  sha256: f29cdaf8712008f6b419b8b1a403923b00ab2504bfe0fb2ba8eb60e72d4f14c6
  md5: 72608f6cd3e5898229c3ea16deb1ac43
  constrains:
  - vs2015_runtime >=14.29.30037
  license: LicenseRef-Proprietary
  license_family: PROPRIETARY
  size: 1283972
  timestamp: 1666630199266
- kind: conda
  name: vc
  version: '14.3'
  build: hcf57466_18
  build_number: 18
  subdir: win-64
  url: https://conda.anaconda.org/conda-forge/win-64/vc-14.3-hcf57466_18.conda
  sha256: 447a8d8292a7b2107dcc18afb67f046824711a652725fc0f522c368e7a7b8318
  md5: 20e1e652a4c740fa719002a8449994a2
  depends:
  - vc14_runtime >=14.38.33130
  track_features:
  - vc14
  license: BSD-3-Clause
  license_family: BSD
  size: 16977
  timestamp: 1702511255313
- kind: conda
  name: vc14_runtime
  version: 14.38.33130
  build: h82b7239_18
  build_number: 18
  subdir: win-64
  url: https://conda.anaconda.org/conda-forge/win-64/vc14_runtime-14.38.33130-h82b7239_18.conda
  sha256: bf94c9af4b2e9cba88207001197e695934eadc96a5c5e4cd7597e950aae3d8ff
  md5: 8be79fdd2725ddf7bbf8a27a4c1f79ba
  depends:
  - ucrt >=10.0.20348.0
  constrains:
  - vs2015_runtime 14.38.33130.* *_18
  license: LicenseRef-ProprietaryMicrosoft
  license_family: Proprietary
  size: 749868
  timestamp: 1702511239004
- kind: conda
  name: vs2015_runtime
  version: 14.38.33130
  build: hcb4865c_18
  build_number: 18
  subdir: win-64
  url: https://conda.anaconda.org/conda-forge/win-64/vs2015_runtime-14.38.33130-hcb4865c_18.conda
  sha256: a2fec221f361d6263c117f4ea6d772b21c90a2f8edc6f3eb0eadec6bfe8843db
  md5: 10d42885e3ed84e575b454db30f1aa93
  depends:
  - vc14_runtime >=14.38.33130
  license: BSD-3-Clause
  license_family: BSD
  size: 16988
  timestamp: 1702511261442
- kind: pypi
  name: xmltodict
  version: 0.13.0
  url: https://files.pythonhosted.org/packages/94/db/fd0326e331726f07ff7f40675cd86aa804bfd2e5016c727fa761c934990e/xmltodict-0.13.0-py2.py3-none-any.whl
  sha256: aa89e8fd76320154a40d19a0df04a4695fb9dc5ba977cbb68ab3e4eb225e7852
  requires_python: '>=3.4'
- kind: conda
  name: xz
  version: 5.2.6
  build: h8d14728_0
  subdir: win-64
  url: https://conda.anaconda.org/conda-forge/win-64/xz-5.2.6-h8d14728_0.tar.bz2
  sha256: 54d9778f75a02723784dc63aff4126ff6e6749ba21d11a6d03c1f4775f269fe0
  md5: 515d77642eaa3639413c6b1bc3f94219
  depends:
  - vc >=14.1,<15
  - vs2015_runtime >=14.16.27033
  license: LGPL-2.1 and GPL-2.0
  size: 217804
  timestamp: 1660346976440
